[[package]]
name = "easydict"
version = "1.9"
description = "Access dict values as attributes (works recursively)."
category = "main"
optional = false
python-versions = "*"

[[package]]
name = "json-spec"
version = "0.10.1"
description = "Implements JSON Schema, JSON Pointer and JSON Reference."
category = "main"
optional = false
python-versions = "*"

[package.dependencies]
six = "*"

[package.extras]
cli = ["termcolor"]
ip = ["ipaddress", "ipaddress"]

[[package]]
name = "jsoncomment"
version = "0.4.2"
description = "A wrapper to JSON parsers allowing comments, multiline strings and trailing commas"
category = "main"
optional = false
python-versions = ">=3.3"

[package.dependencies]
json-spec = "*"

[package.extras]
ujson = ["ujson (>=1.30)"]

[[package]]
name = "six"
version = "1.16.0"
description = "Python 2 and 3 compatibility utilities"
category = "main"
optional = false
python-versions = ">=2.7, !=3.0.*, !=3.1.*, !=3.2.*"

[[package]]
name = "tabulate"
version = "0.8.9"
description = "Pretty-print tabular data"
category = "main"
optional = false
python-versions = "*"

[package.extras]
widechars = ["wcwidth"]

[metadata]
lock-version = "1.1"
python-versions = ">= 3.7"
content-hash = "535eee6028e3dc037e361a3aa74c0d5d86dc8c70125663b164673189b8deb9c5"

[metadata.files]
easydict = [
    {file = "easydict-1.9.tar.gz", hash = "sha256:3f3f0dab07c299f0f4df032db1f388d985bb57fa4c5be30acd25c5f9a516883b"},
]
json-spec = [
    {file = "json-spec-0.10.1.tar.gz", hash = "sha256:0b32fb0508d47115eccb4daa14731f101f1263fb57a8cb13ca49c960b05eb719"},
    {file = "json_spec-0.10.1-py2.py3-none-any.whl", hash = "sha256:c30d7c8bee07bd3fdf620b8902398d0ab58c735adedfeff07e6a7fc358f8cbeb"},
]
jsoncomment = [
    {file = "jsoncomment-0.4.2-py3-none-any.whl", hash = "sha256:7ce82b755e54fdc0dc1c3c05e2bc7db0c3f609be31771401f78f00e743b0403e"},
    {file = "jsoncomment-0.4.2.tar.gz", hash = "sha256:8fa065a85327306211ec567bb9ad8ca252c59332f6c6cf09c3228a0abf1191da"},
]
six = [
    {file = "six-1.16.0-py2.py3-none-any.whl", hash = "sha256:8abb2f1d86890a2dfb989f9a77cfcfd3e47c2a354b01111771326f8aa26e0254"},
    {file = "six-1.16.0.tar.gz", hash = "sha256:1e61c37477a1626458e36f7b1d82aa5c9b094fa4802892072e49de9c60c4c926"},
]
tabulate = [
    {file = "tabulate-0.8.9-py3-none-any.whl", hash = "sha256:d7c013fe7abbc5e491394e10fa845f8f32fe54f8dc60c6622c6cf482d25d47e4"},
    {file = "tabulate-0.8.9.tar.gz", hash = "sha256:eb1d13f25760052e8931f2ef80aaf6045a6cceb47514db8beab24cded16f13a7"},
]
